
Microsoft Visual Studio Solution File, Format Version 12.00
# Visual Studio Version 17
VisualStudioVersion = 17.0.32112.339
MinimumVisualStudioVersion = 10.0.40219.1
Project("{FAE04EC0-301F-11D3-BF4B-00C04F79EFBC}") = "PizzaStore", "PizzaStore\PizzaStore.csproj", "{BD471B70-0B6B-4C38-B6F6-8416D3B88558}"
EndProject
Global
	GlobalSection(SolutionConfigurationPlatforms) = preSolution
		Debug|Any CPU = Debug|Any CPU
		Release|Any CPU = Release|Any CPU
	EndGlobalSection
	GlobalSection(ProjectConfigurationPlatforms) = postSolution
		{BD471B70-0B6B-4C38-B6F6-8416D3B88558}.Debug|Any CPU.ActiveCfg = Debug|Any CPU
		{BD471B70-0B6B-4C38-B6F6-8416D3B88558}.Debug|Any CPU.Build.0 = Debug|Any CPU
		{BD471B70-0B6B-4C38-B6F6-8416D3B88558}.Release|Any CPU.ActiveCfg = Release|Any CPU
		{BD471B70-0B6B-4C38-B6F6-8416D3B88558}.Release|Any CPU.Build.0 = Release|Any CPU
	EndGlobalSection
	GlobalSection(SolutionProperties) = preSolution
		HideSolutionNode = FALSE
	EndGlobalSection
	GlobalSection(ExtensibilityGlobals) = postSolution
		SolutionGuid = {A4E3BD21-1D2F-4845-9DDF-29E00B9E6DA2}
	EndGlobalSection
EndGlobal
